
Microsoft Visual Studio Solution File, Format Version 12.00
# Visual Studio Version 16
VisualStudioVersion = 16.0.31313.79
MinimumVisualStudioVersion = 10.0.40219.1
Project("{FAE04EC0-301F-11D3-BF4B-00C04F79EFBC}") = "Librarylesson", "Librarylesson\Librarylesson.csproj", "{BDB382D0-7766-49B7-8B2E-EF35FD773034}"
EndProject
Project("{FAE04EC0-301F-11D3-BF4B-00C04F79EFBC}") = "TestLibraryLeson", "TestLibraryLeson\TestLibraryLeson.csproj", "{283134E4-2E2A-4B41-919E-3E4CCFE15CD4}"
EndProject
Global
	GlobalSection(SolutionConfigurationPlatforms) = preSolution
		Debug|Any CPU = Debug|Any CPU
		Release|Any CPU = Release|Any CPU
	EndGlobalSection
	GlobalSection(ProjectConfigurationPlatforms) = postSolution
		{BDB382D0-7766-49B7-8B2E-EF35FD773034}.Debug|Any CPU.ActiveCfg = Debug|Any CPU
		{BDB382D0-7766-49B7-8B2E-EF35FD773034}.Debug|Any CPU.Build.0 = Debug|Any CPU
		{BDB382D0-7766-49B7-8B2E-EF35FD773034}.Release|Any CPU.ActiveCfg = Release|Any CPU
		{BDB382D0-7766-49B7-8B2E-EF35FD773034}.Release|Any CPU.Build.0 = Release|Any CPU
		{283134E4-2E2A-4B41-919E-3E4CCFE15CD4}.Debug|Any CPU.ActiveCfg = Debug|Any CPU
		{283134E4-2E2A-4B41-919E-3E4CCFE15CD4}.Debug|Any CPU.Build.0 = Debug|Any CPU
		{283134E4-2E2A-4B41-919E-3E4CCFE15CD4}.Release|Any CPU.ActiveCfg = Release|Any CPU
		{283134E4-2E2A-4B41-919E-3E4CCFE15CD4}.Release|Any CPU.Build.0 = Release|Any CPU
	EndGlobalSection
	GlobalSection(SolutionProperties) = preSolution
		HideSolutionNode = FALSE
	EndGlobalSection
	GlobalSection(ExtensibilityGlobals) = postSolution
		SolutionGuid = {5BDF817A-6E2E-4280-8C84-14CBA33ABC34}
	EndGlobalSection
EndGlobal
